
Microsoft Visual Studio Solution File, Format Version 12.00
# Visual Studio Version 17
VisualStudioVersion = 17.0.31903.59
MinimumVisualStudioVersion = 10.0.40219.1
Project("{2150E333-8FDC-42A3-9474-1A3956D46DE8}") = "src", "src", "{827E0CD3-B72D-47B6-A68D-7590B98EB39B}"
EndProject
Project("{FAE04EC0-301F-11D3-BF4B-00C04F79EFBC}") = "Edf.Domain", "src\Edf.Domain\Edf.Domain.csproj", "{A608FC4C-9B17-443A-9221-73D96A25C3F0}"
EndProject
Project("{FAE04EC0-301F-11D3-BF4B-00C04F79EFBC}") = "Edf.Engine", "src\Edf.Engine\Edf.Engine.csproj", "{7F675F5A-2A45-44FC-B71E-51CDA9C9750D}"
EndProject
Project("{FAE04EC0-301F-11D3-BF4B-00C04F79EFBC}") = "Edf.Application", "src\Edf.Application\Edf.Application.csproj", "{3D967488-8E6F-4186-A5EB-0769337A4EFA}"
EndProject
Project("{FAE04EC0-301F-11D3-BF4B-00C04F79EFBC}") = "Edf.Identity", "src\Edf.Identity\Edf.Identity.csproj", "{732DD548-E3BA-49D7-8FDF-59543772F26C}"
EndProject
Project("{FAE04EC0-301F-11D3-BF4B-00C04F79EFBC}") = "Edf.ProjectServices", "src\Edf.ProjectServices\Edf.ProjectServices.csproj", "{2206BD3D-EB95-4C19-B572-0EB13B5EF93D}"
EndProject
Project("{FAE04EC0-301F-11D3-BF4B-00C04F79EFBC}") = "Edf.Desktop", "src\Edf.Desktop\Edf.Desktop.csproj", "{76F432B6-380B-4A6E-B615-0C1346590733}"
EndProject
Project("{2150E333-8FDC-42A3-9474-1A3956D46DE8}") = "tests", "tests", "{0AB3BF05-4346-4AA6-1389-037BE0695223}"
EndProject
Project("{FAE04EC0-301F-11D3-BF4B-00C04F79EFBC}") = "Edf.Application.Tests", "tests\Edf.Application.Tests\Edf.Application.Tests.csproj", "{277CC4B7-289B-412C-9A5B-7526F225E903}"
EndProject
Global
	GlobalSection(SolutionConfigurationPlatforms) = preSolution
		Debug|Any CPU = Debug|Any CPU
		Debug|x64 = Debug|x64
		Debug|x86 = Debug|x86
		Release|Any CPU = Release|Any CPU
		Release|x64 = Release|x64
		Release|x86 = Release|x86
	EndGlobalSection
	GlobalSection(ProjectConfigurationPlatforms) = postSolution
		{A608FC4C-9B17-443A-9221-73D96A25C3F0}.Debug|Any CPU.ActiveCfg = Debug|Any CPU
		{A608FC4C-9B17-443A-9221-73D96A25C3F0}.Debug|Any CPU.Build.0 = Debug|Any CPU
		{A608FC4C-9B17-443A-9221-73D96A25C3F0}.Debug|x64.ActiveCfg = Debug|Any CPU
		{A608FC4C-9B17-443A-9221-73D96A25C3F0}.Debug|x64.Build.0 = Debug|Any CPU
		{A608FC4C-9B17-443A-9221-73D96A25C3F0}.Debug|x86.ActiveCfg = Debug|Any CPU
		{A608FC4C-9B17-443A-9221-73D96A25C3F0}.Debug|x86.Build.0 = Debug|Any CPU
		{A608FC4C-9B17-443A-9221-73D96A25C3F0}.Release|Any CPU.ActiveCfg = Release|Any CPU
		{A608FC4C-9B17-443A-9221-73D96A25C3F0}.Release|Any CPU.Build.0 = Release|Any CPU
		{A608FC4C-9B17-443A-9221-73D96A25C3F0}.Release|x64.ActiveCfg = Release|Any CPU
		{A608FC4C-9B17-443A-9221-73D96A25C3F0}.Release|x64.Build.0 = Release|Any CPU
		{A608FC4C-9B17-443A-9221-73D96A25C3F0}.Release|x86.ActiveCfg = Release|Any CPU
		{A608FC4C-9B17-443A-9221-73D96A25C3F0}.Release|x86.Build.0 = Release|Any CPU
		{7F675F5A-2A45-44FC-B71E-51CDA9C9750D}.Debug|Any CPU.ActiveCfg = Debug|Any CPU
		{7F675F5A-2A45-44FC-B71E-51CDA9C9750D}.Debug|Any CPU.Build.0 = Debug|Any CPU
		{7F675F5A-2A45-44FC-B71E-51CDA9C9750D}.Debug|x64.ActiveCfg = Debug|Any CPU
		{7F675F5A-2A45-44FC-B71E-51CDA9C9750D}.Debug|x64.Build.0 = Debug|Any CPU
		{7F675F5A-2A45-44FC-B71E-51CDA9C9750D}.Debug|x86.ActiveCfg = Debug|Any CPU
		{7F675F5A-2A45-44FC-B71E-51CDA9C9750D}.Debug|x86.Build.0 = Debug|Any CPU
		{7F675F5A-2A45-44FC-B71E-51CDA9C9750D}.Release|Any CPU.ActiveCfg = Release|Any CPU
		{7F675F5A-2A45-44FC-B71E-51CDA9C9750D}.Release|Any CPU.Build.0 = Release|Any CPU
		{7F675F5A-2A45-44FC-B71E-51CDA9C9750D}.Release|x64.ActiveCfg = Release|Any CPU
		{7F675F5A-2A45-44FC-B71E-51CDA9C9750D}.Release|x64.Build.0 = Release|Any CPU
		{7F675F5A-2A45-44FC-B71E-51CDA9C9750D}.Release|x86.ActiveCfg = Release|Any CPU
		{7F675F5A-2A45-44FC-B71E-51CDA9C9750D}.Release|x86.Build.0 = Release|Any CPU
		{3D967488-8E6F-4186-A5EB-0769337A4EFA}.Debug|Any CPU.ActiveCfg = Debug|Any CPU
		{3D967488-8E6F-4186-A5EB-0769337A4EFA}.Debug|Any CPU.Build.0 = Debug|Any CPU
		{3D967488-8E6F-4186-A5EB-0769337A4EFA}.Debug|x64.ActiveCfg = Debug|Any CPU
		{3D967488-8E6F-4186-A5EB-0769337A4EFA}.Debug|x64.Build.0 = Debug|Any CPU
		{3D967488-8E6F-4186-A5EB-0769337A4EFA}.Debug|x86.ActiveCfg = Debug|Any CPU
		{3D967488-8E6F-4186-A5EB-0769337A4EFA}.Debug|x86.Build.0 = Debug|Any CPU
		{3D967488-8E6F-4186-A5EB-0769337A4EFA}.Release|Any CPU.ActiveCfg = Release|Any CPU
		{3D967488-8E6F-4186-A5EB-0769337A4EFA}.Release|Any CPU.Build.0 = Release|Any CPU
		{3D967488-8E6F-4186-A5EB-0769337A4EFA}.Release|x64.ActiveCfg = Release|Any CPU
		{3D967488-8E6F-4186-A5EB-0769337A4EFA}.Release|x64.Build.0 = Release|Any CPU
		{3D967488-8E6F-4186-A5EB-0769337A4EFA}.Release|x86.ActiveCfg = Release|Any CPU
		{3D967488-8E6F-4186-A5EB-0769337A4EFA}.Release|x86.Build.0 = Release|Any CPU
		{732DD548-E3BA-49D7-8FDF-59543772F26C}.Debug|Any CPU.ActiveCfg = Debug|Any CPU
		{732DD548-E3BA-49D7-8FDF-59543772F26C}.Debug|Any CPU.Build.0 = Debug|Any CPU
		{732DD548-E3BA-49D7-8FDF-59543772F26C}.Debug|x64.ActiveCfg = Debug|Any CPU
		{732DD548-E3BA-49D7-8FDF-59543772F26C}.Debug|x64.Build.0 = Debug|Any CPU
		{732DD548-E3BA-49D7-8FDF-59543772F26C}.Debug|x86.ActiveCfg = Debug|Any CPU
		{732DD548-E3BA-49D7-8FDF-59543772F26C}.Debug|x86.Build.0 = Debug|Any CPU
		{732DD548-E3BA-49D7-8FDF-59543772F26C}.Release|Any CPU.ActiveCfg = Release|Any CPU
		{732DD548-E3BA-49D7-8FDF-59543772F26C}.Release|Any CPU.Build.0 = Release|Any CPU
		{732DD548-E3BA-49D7-8FDF-59543772F26C}.Release|x64.ActiveCfg = Release|Any CPU
		{732DD548-E3BA-49D7-8FDF-59543772F26C}.Release|x64.Build.0 = Release|Any CPU
		{732DD548-E3BA-49D7-8FDF-59543772F26C}.Release|x86.ActiveCfg = Release|Any CPU
		{732DD548-E3BA-49D7-8FDF-59543772F26C}.Release|x86.Build.0 = Release|Any CPU
		{2206BD3D-EB95-4C19-B572-0EB13B5EF93D}.Debug|Any CPU.ActiveCfg = Debug|Any CPU
		{2206BD3D-EB95-4C19-B572-0EB13B5EF93D}.Debug|Any CPU.Build.0 = Debug|Any CPU
		{2206BD3D-EB95-4C19-B572-0EB13B5EF93D}.Debug|x64.ActiveCfg = Debug|Any CPU
		{2206BD3D-EB95-4C19-B572-0EB13B5EF93D}.Debug|x64.Build.0 = Debug|Any CPU
		{2206BD3D-EB95-4C19-B572-0EB13B5EF93D}.Debug|x86.ActiveCfg = Debug|Any CPU
		{2206BD3D-EB95-4C19-B572-0EB13B5EF93D}.Debug|x86.Build.0 = Debug|Any CPU
		{2206BD3D-EB95-4C19-B572-0EB13B5EF93D}.Release|Any CPU.ActiveCfg = Release|Any CPU
		{2206BD3D-EB95-4C19-B572-0EB13B5EF93D}.Release|Any CPU.Build.0 = Release|Any CPU
		{2206BD3D-EB95-4C19-B572-0EB13B5EF93D}.Release|x64.ActiveCfg = Release|Any CPU
		{2206BD3D-EB95-4C19-B572-0EB13B5EF93D}.Release|x64.Build.0 = Release|Any CPU
		{2206BD3D-EB95-4C19-B572-0EB13B5EF93D}.Release|x86.ActiveCfg = Release|Any CPU
		{2206BD3D-EB95-4C19-B572-0EB13B5EF93D}.Release|x86.Build.0 = Release|Any CPU
		{76F432B6-380B-4A6E-B615-0C1346590733}.Debug|Any CPU.ActiveCfg = Debug|Any CPU
		{76F432B6-380B-4A6E-B615-0C1346590733}.Debug|Any CPU.Build.0 = Debug|Any CPU
		{76F432B6-380B-4A6E-B615-0C1346590733}.Debug|x64.ActiveCfg = Debug|Any CPU
		{76F432B6-380B-4A6E-B615-0C1346590733}.Debug|x64.Build.0 = Debug|Any CPU
		{76F432B6-380B-4A6E-B615-0C1346590733}.Debug|x86.ActiveCfg = Debug|Any CPU
		{76F432B6-380B-4A6E-B615-0C1346590733}.Debug|x86.Build.0 = Debug|Any CPU
		{76F432B6-380B-4A6E-B615-0C1346590733}.Release|Any CPU.ActiveCfg = Release|Any CPU
		{76F432B6-380B-4A6E-B615-0C1346590733}.Release|Any CPU.Build.0 = Release|Any CPU
		{76F432B6-380B-4A6E-B615-0C1346590733}.Release|x64.ActiveCfg = Release|Any CPU
		{76F432B6-380B-4A6E-B615-0C1346590733}.Release|x64.Build.0 = Release|Any CPU
		{76F432B6-380B-4A6E-B615-0C1346590733}.Release|x86.ActiveCfg = Release|Any CPU
		{76F432B6-380B-4A6E-B615-0C1346590733}.Release|x86.Build.0 = Release|Any CPU
		{277CC4B7-289B-412C-9A5B-7526F225E903}.Debug|Any CPU.ActiveCfg = Debug|Any CPU
		{277CC4B7-289B-412C-9A5B-7526F225E903}.Debug|Any CPU.Build.0 = Debug|Any CPU
		{277CC4B7-289B-412C-9A5B-7526F225E903}.Debug|x64.ActiveCfg = Debug|Any CPU
		{277CC4B7-289B-412C-9A5B-7526F225E903}.Debug|x64.Build.0 = Debug|Any CPU
		{277CC4B7-289B-412C-9A5B-7526F225E903}.Debug|x86.ActiveCfg = Debug|Any CPU
		{277CC4B7-289B-412C-9A5B-7526F225E903}.Debug|x86.Build.0 = Debug|Any CPU
		{277CC4B7-289B-412C-9A5B-7526F225E903}.Release|Any CPU.ActiveCfg = Release|Any CPU
		{277CC4B7-289B-412C-9A5B-7526F225E903}.Release|Any CPU.Build.0 = Release|Any CPU
		{277CC4B7-289B-412C-9A5B-7526F225E903}.Release|x64.ActiveCfg = Release|Any CPU
		{277CC4B7-289B-412C-9A5B-7526F225E903}.Release|x64.Build.0 = Release|Any CPU
		{277CC4B7-289B-412C-9A5B-7526F225E903}.Release|x86.ActiveCfg = Release|Any CPU
		{277CC4B7-289B-412C-9A5B-7526F225E903}.Release|x86.Build.0 = Release|Any CPU
	EndGlobalSection
	GlobalSection(SolutionProperties) = preSolution
		HideSolutionNode = FALSE
	EndGlobalSection
	GlobalSection(NestedProjects) = preSolution
		{A608FC4C-9B17-443A-9221-73D96A25C3F0} = {827E0CD3-B72D-47B6-A68D-7590B98EB39B}
		{7F675F5A-2A45-44FC-B71E-51CDA9C9750D} = {827E0CD3-B72D-47B6-A68D-7590B98EB39B}
		{3D967488-8E6F-4186-A5EB-0769337A4EFA} = {827E0CD3-B72D-47B6-A68D-7590B98EB39B}
		{732DD548-E3BA-49D7-8FDF-59543772F26C} = {827E0CD3-B72D-47B6-A68D-7590B98EB39B}
		{2206BD3D-EB95-4C19-B572-0EB13B5EF93D} = {827E0CD3-B72D-47B6-A68D-7590B98EB39B}
		{76F432B6-380B-4A6E-B615-0C1346590733} = {827E0CD3-B72D-47B6-A68D-7590B98EB39B}
		{277CC4B7-289B-412C-9A5B-7526F225E903} = {0AB3BF05-4346-4AA6-1389-037BE0695223}
	EndGlobalSection
EndGlobal
